github.com/machinebox/progress v0.2.0 h1:7z8+w32Gy1v8S6VvDoOPPBah3nLqdKjr3GUly18P8Qo=
github.com/machinebox/progress v0.2.0/go.mod h1:hl4FywxSjfmkmCrersGhmJH7KwuKl+Ueq9BXkOny+iE=
golang.org/x/net v0.4.0 h1:Q5QPcMlvfxFTAPV0+07Xz/MpK9NTXu2VDUuy0FeMfaU=
golang.org/x/net v0.4.0/go.mod h1:MBQ8lrhLObU/6UmLb4fmbmk5OcyYmqtbGd/9yIeKjEE=
